
Microsoft Visual Studio Solution File, Format Version 12.00
# Visual Studio 14
VisualStudioVersion = 14.0.25420.1
MinimumVisualStudioVersion = 10.0.40219.1
Project("{FAE04EC0-301F-11D3-BF4B-00C04F79EFBC}") = "SFXEngine", "SFXEngine.csproj", "{7BA8D13D-318B-4B05-BE45-7A01EBA64247}"
EndProject
Project("{FAE04EC0-301F-11D3-BF4B-00C04F79EFBC}") = "SFXEngine-Test", "..\SFXEngine-Test\SFXEngine-Test.csproj", "{DA6911D6-2CB9-4B71-BE09-29CC8A94E0CD}"
EndProject
Global
	GlobalSection(SolutionConfigurationPlatforms) = preSolution
		Debug|Any CPU = Debug|Any CPU
		Release|Any CPU = Release|Any CPU
	EndGlobalSection
	GlobalSection(ProjectConfigurationPlatforms) = postSolution
		{7BA8D13D-318B-4B05-BE45-7A01EBA64247}.Debug|Any CPU.ActiveCfg = Debug|Any CPU
		{7BA8D13D-318B-4B05-BE45-7A01EBA64247}.Debug|Any CPU.Build.0 = Debug|Any CPU
		{7BA8D13D-318B-4B05-BE45-7A01EBA64247}.Release|Any CPU.ActiveCfg = Release|Any CPU
		{7BA8D13D-318B-4B05-BE45-7A01EBA64247}.Release|Any CPU.Build.0 = Release|Any CPU
		{DA6911D6-2CB9-4B71-BE09-29CC8A94E0CD}.Debug|Any CPU.ActiveCfg = Debug|Any CPU
		{DA6911D6-2CB9-4B71-BE09-29CC8A94E0CD}.Debug|Any CPU.Build.0 = Debug|Any CPU
		{DA6911D6-2CB9-4B71-BE09-29CC8A94E0CD}.Release|Any CPU.ActiveCfg = Release|Any CPU
		{DA6911D6-2CB9-4B71-BE09-29CC8A94E0CD}.Release|Any CPU.Build.0 = Release|Any CPU
	EndGlobalSection
	GlobalSection(SolutionProperties) = preSolution
		HideSolutionNode = FALSE
	EndGlobalSection
EndGlobal
